<?xml version="1.0" encoding="UTF-8" standalone="yes" ?>
<CodeBlocks_project_file>
	<FileVersion major="1" minor="6" />
	<Project>
		<Option title="KriegEngine" />
		<Option pch_mode="2" />
		<Option compiler="gcc" />
		<Build>
			<Target title="Debug">
				<Option output="bin/Debug/KriegEngine" prefix_auto="1" extension_auto="1" />
				<Option working_dir="" />
				<Option object_output="obj/Debug/" />
				<Option type="2" />
				<Option compiler="gcc" />
				<Option createDefFile="1" />
				<Compiler>
					<Add option="-Wall" />
					<Add option="-g" />
				</Compiler>
			</Target>
			<Target title="Release">
				<Option output="bin/Release/KriegEngine" prefix_auto="1" extension_auto="1" />
				<Option working_dir="" />
				<Option object_output="obj/Release/" />
				<Option type="2" />
				<Option compiler="gcc" />
				<Option createDefFile="1" />
				<Compiler>
					<Add option="-Wall" />
					<Add option="-O2" />
				</Compiler>
				<Linker>
					<Add option="-s" />
				</Linker>
			</Target>
		</Build>
		<Unit filename="Krieg_Core.h" />
		<Unit filename="Krieg_Exception.h" />
		<Unit filename="Krieg_HardwareBuffer.h" />
		<Unit filename="Krieg_Linux.h" />
		<Unit filename="Krieg_Log.h" />
		<Unit filename="Krieg_Math.h" />
		<Unit filename="Krieg_Matrix3.h" />
		<Unit filename="Krieg_Matrix4.h" />
		<Unit filename="Krieg_PixelBuffer.h" />
		<Unit filename="Krieg_Vector2.h" />
		<Unit filename="Krieg_Vector3.h" />
		<Unit filename="Krieg_VertexBuffer.h" />
		<Unit filename="Krieg_Windows.h" />
		<Unit filename="Krieg_platform.h" />
		<Extensions>
			<code_completion />
			<envvars />
			<debugger />
		</Extensions>
	</Project>
</CodeBlocks_project_file>
